
Microsoft Visual Studio Solution File, Format Version 12.00
# Visual Studio Version 16
VisualStudioVersion = 16.0.31402.337
MinimumVisualStudioVersion = 10.0.40219.1
Project("{FAE04EC0-301F-11D3-BF4B-00C04F79EFBC}") = "Shadow", "src\Shadow\Shadow.csproj", "{533C7B1B-3672-4429-870A-543C3EDA224B}"
EndProject
Global
	GlobalSection(SolutionConfigurationPlatforms) = preSolution
		Debug|Any CPU = Debug|Any CPU
		Release|Any CPU = Release|Any CPU
	EndGlobalSection
	GlobalSection(ProjectConfigurationPlatforms) = postSolution
		{533C7B1B-3672-4429-870A-543C3EDA224B}.Debug|Any CPU.ActiveCfg = Debug|Any CPU
		{533C7B1B-3672-4429-870A-543C3EDA224B}.Debug|Any CPU.Build.0 = Debug|Any CPU
		{533C7B1B-3672-4429-870A-543C3EDA224B}.Release|Any CPU.ActiveCfg = Release|Any CPU
		{533C7B1B-3672-4429-870A-543C3EDA224B}.Release|Any CPU.Build.0 = Release|Any CPU
	EndGlobalSection
	GlobalSection(SolutionProperties) = preSolution
		HideSolutionNode = FALSE
	EndGlobalSection
	GlobalSection(ExtensibilityGlobals) = postSolution
		SolutionGuid = {8A050D11-8F58-4D86-BFCE-D2213121FC99}
	EndGlobalSection
EndGlobal
